
Microsoft Visual Studio Solution File, Format Version 12.00
# Visual Studio Version 17
VisualStudioVersion = 17.0.32014.148
MinimumVisualStudioVersion = 10.0.40219.1
Project("{9A19103F-16F7-4668-BE54-9A1E7A4F7556}") = "RecipeManager", "RecipeManager\RecipeManager.csproj", "{6F0960C5-0EFF-4BD2-8E6B-1576A624021C}"
EndProject
Global
	GlobalSection(SolutionConfigurationPlatforms) = preSolution
		Debug|Any CPU = Debug|Any CPU
		Release|Any CPU = Release|Any CPU
	EndGlobalSection
	GlobalSection(ProjectConfigurationPlatforms) = postSolution
		{6F0960C5-0EFF-4BD2-8E6B-1576A624021C}.Debug|Any CPU.ActiveCfg = Debug|Any CPU
		{6F0960C5-0EFF-4BD2-8E6B-1576A624021C}.Debug|Any CPU.Build.0 = Debug|Any CPU
		{6F0960C5-0EFF-4BD2-8E6B-1576A624021C}.Release|Any CPU.ActiveCfg = Release|Any CPU
		{6F0960C5-0EFF-4BD2-8E6B-1576A624021C}.Release|Any CPU.Build.0 = Release|Any CPU
	EndGlobalSection
	GlobalSection(SolutionProperties) = preSolution
		HideSolutionNode = FALSE
	EndGlobalSection
	GlobalSection(ExtensibilityGlobals) = postSolution
		SolutionGuid = {3968B37C-E504-4420-B9F8-1A71DB681586}
	EndGlobalSection
EndGlobal
